// !$*UTF8*$!
{
	archiveVersion = 1;
	classes = {
	};
	objectVersion = 50;
	objects = {

/* Begin PBXBuildFile section */
		14B3F909E6BC6242738B93A0 /* Pods_Hello.framework in Frameworks */ = {isa = PBXBuildFile; fileRef = A1709FF8E5F10550AB3620A1 /* Pods_Hello.framework */; };
		27F90FA5A8055C89B1B7C417 /* Pods_HelloTests.framework in Frameworks */ = {isa = PBXBuildFile; fileRef = 6A55A43409C364AEA15A0D24 /* Pods_HelloTests.framework */; };
		2D466D0520A269AB00506728 /* AppDelegate.swift in Sources */ = {isa = PBXBuildFile; fileRef = 2D466D0420A269AB00506728 /* AppDelegate.swift */; };
		2D466D0720A269AB00506728 /* ViewController.swift in Sources */ = {isa = PBXBuildFile; fileRef = 2D466D0620A269AB00506728 /* ViewController.swift */; };
		2D466D0A20A269AB00506728 /* Main.storyboard in Resources */ = {isa = PBXBuildFile; fileRef = 2D466D0820A269AB00506728 /* Main.storyboard */; };
		2D466D0C20A269AD00506728 /* Assets.xcassets in Resources */ = {isa = PBXBuildFile; fileRef = 2D466D0B20A269AD00506728 /* Assets.xcassets */; };
		2D466D0F20A269AD00506728 /* LaunchScreen.storyboard in Resources */ = {isa = PBXBuildFile; fileRef = 2D466D0D20A269AD00506728 /* LaunchScreen.storyboard */; };
		2D466D1A20A269AD00506728 /* HelloTests.swift in Sources */ = {isa = PBXBuildFile; fileRef = 2D466D1920A269AD00506728 /* HelloTests.swift */; };
		2D466D2520A269AD00506728 /* HelloUITests.swift in Sources */ = {isa = PBXBuildFile; fileRef = 2D466D2420A269AD00506728 /* HelloUITests.swift */; };
		B40DB0B60B8A35AA5F1DD221 /* Pods_HelloUITests.framework in Frameworks */ = {isa = PBXBuildFile; fileRef = 3B537F35DADA9890AC59962B /* Pods_HelloUITests.framework */; };
/* End PBXBuildFile section */

/* Begin PBXContainerItemProxy section */
		2D466D1620A269AD00506728 /* PBXContainerItemProxy */ = {
			isa = PBXContainerItemProxy;
			containerPortal = 2D466CF920A269AB00506728 /* Project object */;
			proxyType = 1;
			remoteGlobalIDString = 2D466D0020A269AB00506728;
			remoteInfo = Hello;
		};
		2D466D2120A269AD00506728 /* PBXContainerItemProxy */ = {
			isa = PBXContainerItemProxy;
			containerPortal = 2D466CF920A269AB00506728 /* Project object */;
			proxyType = 1;
			remoteGlobalIDString = 2D466D0020A269AB00506728;
			remoteInfo = Hello;
		};
/* End PBXContainerItemProxy section */

/* Begin PBXFileReference section */
		2D466D0120A269AB00506728 /* Hello.app */ = {isa = PBXFileReference; explicitFileType = wrapper.application; includeInIndex = 0; path = Hello.app; sourceTree = BUILT_PRODUCTS_DIR; };
		2D466D0420A269AB00506728 /* AppDelegate.swift */ = {isa = PBXFileReference; lastKnownFileType = sourcecode.swift; path = AppDelegate.swift; sourceTree = "<group>"; };
		2D466D0620A269AB00506728 /* ViewController.swift */ = {isa = PBXFileReference; lastKnownFileType = sourcecode.swift; path = ViewController.swift; sourceTree = "<group>"; };
		2D466D0920A269AB00506728 /* Base */ = {isa = PBXFileReference; lastKnownFileType = file.storyboard; name = Base; path = Base.lproj/Main.storyboard; sourceTree = "<group>"; };
		2D466D0B20A269AD00506728 /* Assets.xcassets */ = {isa = PBXFileReference; lastKnownFileType = folder.assetcatalog; path = Assets.xcassets; sourceTree = "<group>"; };
		2D466D0E20A269AD00506728 /* Base */ = {isa = PBXFileReference; lastKnownFileType = file.storyboard; name = Base; path = Base.lproj/LaunchScreen.storyboard; sourceTree = "<group>"; };
		2D466D1020A269AD00506728 /* Info.plist */ = {isa = PBXFileReference; lastKnownFileType = text.plist.xml; path = Info.plist; sourceTree = "<group>"; };
		2D466D1520A269AD00506728 /* HelloTests.xctest */ = {isa = PBXFileReference; explicitFileType = wrapper.cfbundle; includeInIndex = 0; path = HelloTests.xctest; sourceTree = BUILT_PRODUCTS_DIR; };
		2D466D1920A269AD00506728 /* HelloTests.swift */ = {isa = PBXFileReference; lastKnownFileType = sourcecode.swift; path = HelloTests.swift; sourceTree = "<group>"; };
		2D466D1B20A269AD00506728 /* Info.plist */ = {isa = PBXFileReference; lastKnownFileType = text.plist.xml; path = Info.plist; sourceTree = "<group>"; };
		2D466D2020A269AD00506728 /* HelloUITests.xctest */ = {isa = PBXFileReference; explicitFileType = wrapper.cfbundle; includeInIndex = 0; path = HelloUITests.xctest; sourceTree = BUILT_PRODUCTS_DIR; };
		2D466D2420A269AD00506728 /* HelloUITests.swift */ = {isa = PBXFileReference; lastKnownFileType = sourcecode.swift; path = HelloUITests.swift; sourceTree = "<group>"; };
		2D466D2620A269AD00506728 /* Info.plist */ = {isa = PBXFileReference; lastKnownFileType = text.plist.xml; path = Info.plist; sourceTree = "<group>"; };
		3B537F35DADA9890AC59962B /* Pods_HelloUITests.framework */ = {isa = PBXFileReference; explicitFileType = wrapper.framework; includeInIndex = 0; path = Pods_HelloUITests.framework; sourceTree = BUILT_PRODUCTS_DIR; };
		48611E660FDA270DDB731DF6 /* Pods-HelloUITests.debug.xcconfig */ = {isa = PBXFileReference; includeInIndex = 1; lastKnownFileType = text.xcconfig; name = "Pods-HelloUITests.debug.xcconfig"; path = "Pods/Target Support Files/Pods-HelloUITests/Pods-HelloUITests.debug.xcconfig"; sourceTree = "<group>"; };
		4C646EDBA37957E0224C74E1 /* Pods-HelloUITests.release.xcconfig */ = {isa = PBXFileReference; includeInIndex = 1; lastKnownFileType = text.xcconfig; name = "Pods-HelloUITests.release.xcconfig"; path = "Pods/Target Support Files/Pods-HelloUITests/Pods-HelloUITests.release.xcconfig"; sourceTree = "<group>"; };
		50C2002E69BE0DA14149664D /* Pods-Hello.release.xcconfig */ = {isa = PBXFileReference; includeInIndex = 1; lastKnownFileType = text.xcconfig; name = "Pods-Hello.release.xcconfig"; path = "Pods/Target Support Files/Pods-Hello/Pods-Hello.release.xcconfig"; sourceTree = "<group>"; };
		6A55A43409C364AEA15A0D24 /* Pods_HelloTests.framework */ = {isa = PBXFileReference; explicitFileType = wrapper.framework; includeInIndex = 0; path = Pods_HelloTests.framework; sourceTree = BUILT_PRODUCTS_DIR; };
		7ECC6579392169EB1A89693F /* Pods-HelloTests.release.xcconfig */ = {isa = PBXFileReference; includeInIndex = 1; lastKnownFileType = text.xcconfig; name = "Pods-HelloTests.release.xcconfig"; path = "Pods/Target Support Files/Pods-HelloTests/Pods-HelloTests.release.xcconfig"; sourceTree = "<group>"; };
		A1709FF8E5F10550AB3620A1 /* Pods_Hello.framework */ = {isa = PBXFileReference; explicitFileType = wrapper.framework; includeInIndex = 0; path = Pods_Hello.framework; sourceTree = BUILT_PRODUCTS_DIR; };
		D91F16AE0749D18E2EC5DA4E /* Pods-HelloTests.debug.xcconfig */ = {isa = PBXFileReference; includeInIndex = 1; lastKnownFileType = text.xcconfig; name = "Pods-HelloTests.debug.xcconfig"; path = "Pods/Target Support Files/Pods-HelloTests/Pods-HelloTests.debug.xcconfig"; sourceTree = "<group>"; };
		E8CFC990AB1F1AF58CD82BF0 /* Pods-Hello.debug.xcconfig */ = {isa = PBXFileReference; includeInIndex = 1; lastKnownFileType = text.xcconfig; name = "Pods-Hello.debug.xcconfig"; path = "Pods/Target Support Files/Pods-Hello/Pods-Hello.debug.xcconfig"; sourceTree = "<group>"; };
/* End PBXFileReference section */

/* Begin PBXFrameworksBuildPhase section */
		2D466CFE20A269AB00506728 /* Frameworks */ = {
			isa = PBXFrameworksBuildPhase;
			buildActionMask = 2147483647;
			files = (
				14B3F909E6BC6242738B93A0 /* Pods_Hello.framework in Frameworks */,
			);
			runOnlyForDeploymentPostprocessing = 0;
		};
		2D466D1220A269AD00506728 /* Frameworks */ = {
			isa = PBXFrameworksBuildPhase;
			buildActionMask = 2147483647;
			files = (
				27F90FA5A8055C89B1B7C417 /* Pods_HelloTests.framework in Frameworks */,
			);
			runOnlyForDeploymentPostprocessing = 0;
		};
		2D466D1D20A269AD00506728 /* Frameworks */ = {
			isa = PBXFrameworksBuildPhase;
			buildActionMask = 2147483647;
			files = (
				B40DB0B60B8A35AA5F1DD221 /* Pods_HelloUITests.framework in Frameworks */,
			);
			runOnlyForDeploymentPostprocessing = 0;
		};
/* End PBXFrameworksBuildPhase section */

/* Begin PBXGroup section */
		2D466CF820A269AB00506728 = {
			isa = PBXGroup;
			children = (
				2D466D0320A269AB00506728 /* Hello */,
				2D466D1820A269AD00506728 /* HelloTests */,
				2D466D2320A269AD00506728 /* HelloUITests */,
				2D466D0220A269AB00506728 /* Products */,
				78BB4BB7A4F0F023104FB1CC /* Pods */,
				73A1A388C0725E2F4E614073 /* Frameworks */,
			);
			sourceTree = "<group>";
		};
		2D466D0220A269AB00506728 /* Products */ = {
			isa = PBXGroup;
			children = (
				2D466D0120A269AB00506728 /* Hello.app */,
				2D466D1520A269AD00506728 /* HelloTests.xctest */,
				2D466D2020A269AD00506728 /* HelloUITests.xctest */,
			);
			name = Products;
			sourceTree = "<group>";
		};
		2D466D0320A269AB00506728 /* Hello */ = {
			isa = PBXGroup;
			children = (
				2D466D0420A269AB00506728 /* AppDelegate.swift */,
				2D466D0620A269AB00506728 /* ViewController.swift */,
				2D466D0820A269AB00506728 /* Main.storyboard */,
				2D466D0B20A269AD00506728 /* Assets.xcassets */,
				2D466D0D20A269AD00506728 /* LaunchScreen.storyboard */,
				2D466D1020A269AD00506728 /* Info.plist */,
			);
			path = Hello;
			sourceTree = "<group>";
		};
		2D466D1820A269AD00506728 /* HelloTests */ = {
			isa = PBXGroup;
			children = (
				2D466D1920A269AD00506728 /* HelloTests.swift */,
				2D466D1B20A269AD00506728 /* Info.plist */,
			);
			path = HelloTests;
			sourceTree = "<group>";
		};
		2D466D2320A269AD00506728 /* HelloUITests */ = {
			isa = PBXGroup;
			children = (
				2D466D2420A269AD00506728 /* HelloUITests.swift */,
				2D466D2620A269AD00506728 /* Info.plist */,
			);
			path = HelloUITests;
			sourceTree = "<group>";
		};
		73A1A388C0725E2F4E614073 /* Frameworks */ = {
			isa = PBXGroup;
			children = (
				A1709FF8E5F10550AB3620A1 /* Pods_Hello.framework */,
				6A55A43409C364AEA15A0D24 /* Pods_HelloTests.framework */,
				3B537F35DADA9890AC59962B /* Pods_HelloUITests.framework */,
			);
			name = Frameworks;
			sourceTree = "<group>";
		};
		78BB4BB7A4F0F023104FB1CC /* Pods */ = {
			isa = PBXGroup;
			children = (
				E8CFC990AB1F1AF58CD82BF0 /* Pods-Hello.debug.xcconfig */,
				50C2002E69BE0DA14149664D /* Pods-Hello.release.xcconfig */,
				D91F16AE0749D18E2EC5DA4E /* Pods-HelloTests.debug.xcconfig */,
				7ECC6579392169EB1A89693F /* Pods-HelloTests.release.xcconfig */,
				48611E660FDA270DDB731DF6 /* Pods-HelloUITests.debug.xcconfig */,
				4C646EDBA37957E0224C74E1 /* Pods-HelloUITests.release.xcconfig */,
			);
			name = Pods;
			sourceTree = "<group>";
		};
/* End PBXGroup section */

/* Begin PBXNativeTarget section */
		2D466D0020A269AB00506728 /* Hello */ = {
			isa = PBXNativeTarget;
			buildConfigurationList = 2D466D2920A269AD00506728 /* Build configuration list for PBXNativeTarget "Hello" */;
			buildPhases = (
				9F78B91F23F4CB484BA2CBF2 /* [CP] Check Pods Manifest.lock */,
				2D466CFD20A269AB00506728 /* Sources */,
				2D466CFE20A269AB00506728 /* Frameworks */,
				2D466CFF20A269AB00506728 /* Resources */,
				B50614F7FE9E7FFFAF5BCCC1 /* [CP] Embed Pods Frameworks */,
				22F574530D87D77F8D865857 /* [CP] Copy Pods Resources */,
			);
			buildRules = (
			);
			dependencies = (
			);
			name = Hello;
			productName = Hello;
			productReference = 2D466D0120A269AB00506728 /* Hello.app */;
			productType = "com.apple.product-type.application";
		};
		2D466D1420A269AD00506728 /* HelloTests */ = {
			isa = PBXNativeTarget;
			buildConfigurationList = 2D466D2C20A269AD00506728 /* Build configuration list for PBXNativeTarget "HelloTests" */;
			buildPhases = (
				7A4D83A2F53119FE620016B5 /* [CP] Check Pods Manifest.lock */,
				2D466D1120A269AD00506728 /* Sources */,
				2D466D1220A269AD00506728 /* Frameworks */,
				2D466D1320A269AD00506728 /* Resources */,
			);
			buildRules = (
			);
			dependencies = (
				2D466D1720A269AD00506728 /* PBXTargetDependency */,
			);
			name = HelloTests;
			productName = HelloTests;
			productReference = 2D466D1520A269AD00506728 /* HelloTests.xctest */;
			productType = "com.apple.product-type.bundle.unit-test";
		};
		2D466D1F20A269AD00506728 /* HelloUITests */ = {
			isa = PBXNativeTarget;
			buildConfigurationList = 2D466D2F20A269AD00506728 /* Build configuration list for PBXNativeTarget "HelloUITests" */;
			buildPhases = (
				4FC6DA576986D275E54FDFEF /* [CP] Check Pods Manifest.lock */,
				2D466D1C20A269AD00506728 /* Sources */,
				2D466D1D20A269AD00506728 /* Frameworks */,
				2D466D1E20A269AD00506728 /* Resources */,
			);
			buildRules = (
			);
			dependencies = (
				2D466D2220A269AD00506728 /* PBXTargetDependency */,
			);
			name = HelloUITests;
			productName = HelloUITests;
			productReference = 2D466D2020A269AD00506728 /* HelloUITests.xctest */;
			productType = "com.apple.product-type.bundle.ui-testing";
		};
/* End PBXNativeTarget section */

/* Begin PBXProject section */
		2D466CF920A269AB00506728 /* Project object */ = {
			isa = PBXProject;
			attributes = {
				LastSwiftUpdateCheck = 0930;
				LastUpgradeCheck = 0930;
				ORGANIZATIONNAME = "Robert Dunn";
				TargetAttributes = {
					2D466D0020A269AB00506728 = {
						CreatedOnToolsVersion = 9.3;
					};
					2D466D1420A269AD00506728 = {
						CreatedOnToolsVersion = 9.3;
						TestTargetID = 2D466D0020A269AB00506728;
					};
					2D466D1F20A269AD00506728 = {
						CreatedOnToolsVersion = 9.3;
						TestTargetID = 2D466D0020A269AB00506728;
					};
				};
			};
			buildConfigurationList = 2D466CFC20A269AB00506728 /* Build configuration list for PBXProject "Hello" */;
			compatibilityVersion = "Xcode 9.3";
			developmentRegion = en;
			hasScannedForEncodings = 0;
			knownRegions = (
				en,
				Base,
			);
			mainGroup = 2D466CF820A269AB00506728;
			productRefGroup = 2D466D0220A269AB00506728 /* Products */;
			projectDirPath = "";
			projectRoot = "";
			targets = (
				2D466D0020A269AB00506728 /* Hello */,
				2D466D1420A269AD00506728 /* HelloTests */,
				2D466D1F20A269AD00506728 /* HelloUITests */,
			);
		};
/* End PBXProject section */

/* Begin PBXResourcesBuildPhase section */
		2D466CFF20A269AB00506728 /* Resources */ = {
			isa = PBXResourcesBuildPhase;
			buildActionMask = 2147483647;
			files = (
				2D466D0F20A269AD00506728 /* LaunchScreen.storyboard in Resources */,
				2D466D0C20A269AD00506728 /* Assets.xcassets in Resources */,
				2D466D0A20A269AB00506728 /* Main.storyboard in Resources */,
			);
			runOnlyForDeploymentPostprocessing = 0;
		};
		2D466D1320A269AD00506728 /* Resources */ = {
			isa = PBXResourcesBuildPhase;
			buildActionMask = 2147483647;
			files = (
			);
			runOnlyForDeploymentPostprocessing = 0;
		};
		2D466D1E20A269AD00506728 /* Resources */ = {
			isa = PBXResourcesBuildPhase;
			buildActionMask = 2147483647;
			files = (
			);
			runOnlyForDeploymentPostprocessing = 0;
		};
/* End PBXResourcesBuildPhase section */

/* Begin PBXShellScriptBuildPhase section */
		22F574530D87D77F8D865857 /* [CP] Copy Pods Resources */ = {
			isa = PBXShellScriptBuildPhase;
			buildActionMask = 2147483647;
			files = (
			);
			inputPaths = (
				"${SRCROOT}/Pods/Target Support Files/Pods-Hello/Pods-Hello-resources.sh",
				"${PODS_ROOT}/GoogleSignIn/Resources/GoogleSignIn.bundle",
			);
			name = "[CP] Copy Pods Resources";
			outputPaths = (
				"${TARGET_BUILD_DIR}/${UNLOCALIZED_RESOURCES_FOLDER_PATH}/GoogleSignIn.bundle",
			);
			runOnlyForDeploymentPostprocessing = 0;
			shellPath = /bin/sh;
			shellScript = "\"${SRCROOT}/Pods/Target Support Files/Pods-Hello/Pods-Hello-resources.sh\"\n";
			showEnvVarsInLog = 0;
		};
		4FC6DA576986D275E54FDFEF /* [CP] Check Pods Manifest.lock */ = {
			isa = PBXShellScriptBuildPhase;
			buildActionMask = 2147483647;
			files = (
			);
			inputPaths = (
				"${PODS_PODFILE_DIR_PATH}/Podfile.lock",
				"${PODS_ROOT}/Manifest.lock",
			);
			name = "[CP] Check Pods Manifest.lock";
			outputPaths = (
				"$(DERIVED_FILE_DIR)/Pods-HelloUITests-checkManifestLockResult.txt",
			);
			runOnlyForDeploymentPostprocessing = 0;
			shellPath = /bin/sh;
			shellScript = "diff \"${PODS_PODFILE_DIR_PATH}/Podfile.lock\" \"${PODS_ROOT}/Manifest.lock\" > /dev/null\nif [ $? != 0 ] ; then\n    # print error to STDERR\n    echo \"error: The sandbox is not in sync with the Podfile.lock. Run 'pod install' or update your CocoaPods installation.\" >&2\n    exit 1\nfi\n# This output is used by Xcode 'outputs' to avoid re-running this script phase.\necho \"SUCCESS\" > \"${SCRIPT_OUTPUT_FILE_0}\"\n";
			showEnvVarsInLog = 0;
		};
		7A4D83A2F53119FE620016B5 /* [CP] Check Pods Manifest.lock */ = {
			isa = PBXShellScriptBuildPhase;
			buildActionMask = 2147483647;
			files = (
			);
			inputPaths = (
				"${PODS_PODFILE_DIR_PATH}/Podfile.lock",
				"${PODS_ROOT}/Manifest.lock",
			);
			name = "[CP] Check Pods Manifest.lock";
			outputPaths = (
				"$(DERIVED_FILE_DIR)/Pods-HelloTests-checkManifestLockResult.txt",
			);
			runOnlyForDeploymentPostprocessing = 0;
			shellPath = /bin/sh;
			shellScript = "diff \"${PODS_PODFILE_DIR_PATH}/Podfile.lock\" \"${PODS_ROOT}/Manifest.lock\" > /dev/null\nif [ $? != 0 ] ; then\n    # print error to STDERR\n    echo \"error: The sandbox is not in sync with the Podfile.lock. Run 'pod install' or update your CocoaPods installation.\" >&2\n    exit 1\nfi\n# This output is used by Xcode 'outputs' to avoid re-running this script phase.\necho \"SUCCESS\" > \"${SCRIPT_OUTPUT_FILE_0}\"\n";
			showEnvVarsInLog = 0;
		};
		9F78B91F23F4CB484BA2CBF2 /* [CP] Check Pods Manifest.lock */ = {
			isa = PBXShellScriptBuildPhase;
			buildActionMask = 2147483647;
			files = (
			);
			inputPaths = (
				"${PODS_PODFILE_DIR_PATH}/Podfile.lock",
				"${PODS_ROOT}/Manifest.lock",
			);
			name = "[CP] Check Pods Manifest.lock";
			outputPaths = (
				"$(DERIVED_FILE_DIR)/Pods-Hello-checkManifestLockResult.txt",
			);
			runOnlyForDeploymentPostprocessing = 0;
			shellPath = /bin/sh;
			shellScript = "diff \"${PODS_PODFILE_DIR_PATH}/Podfile.lock\" \"${PODS_ROOT}/Manifest.lock\" > /dev/null\nif [ $? != 0 ] ; then\n    # print error to STDERR\n    echo \"error: The sandbox is not in sync with the Podfile.lock. Run 'pod install' or update your CocoaPods installation.\" >&2\n    exit 1\nfi\n# This output is used by Xcode 'outputs' to avoid re-running this script phase.\necho \"SUCCESS\" > \"${SCRIPT_OUTPUT_FILE_0}\"\n";
			showEnvVarsInLog = 0;
		};
		B50614F7FE9E7FFFAF5BCCC1 /* [CP] Embed Pods Frameworks */ = {
			isa = PBXShellScriptBuildPhase;
			buildActionMask = 2147483647;
			files = (
			);
			inputPaths = (
				"${SRCROOT}/Pods/Target Support Files/Pods-Hello/Pods-Hello-frameworks.sh",
				"${BUILT_PRODUCTS_DIR}/GTMOAuth2/GTMOAuth2.framework",
				"${BUILT_PRODUCTS_DIR}/GTMSessionFetcher/GTMSessionFetcher.framework",
				"${BUILT_PRODUCTS_DIR}/GoogleToolboxForMac/GoogleToolboxForMac.framework",
			);
			name = "[CP] Embed Pods Frameworks";
			outputPaths = (
				"${TARGET_BUILD_DIR}/${FRAMEWORKS_FOLDER_PATH}/GTMOAuth2.framework",
				"${TARGET_BUILD_DIR}/${FRAMEWORKS_FOLDER_PATH}/GTMSessionFetcher.framework",
				"${TARGET_BUILD_DIR}/${FRAMEWORKS_FOLDER_PATH}/GoogleToolboxForMac.framework",
			);
			runOnlyForDeploymentPostprocessing = 0;
			shellPath = /bin/sh;
			shellScript = "\"${SRCROOT}/Pods/Target Support Files/Pods-Hello/Pods-Hello-frameworks.sh\"\n";
			showEnvVarsInLog = 0;
		};
/* End PBXShellScriptBuildPhase section */

/* Begin PBXSourcesBuildPhase section */
		2D466CFD20A269AB00506728 /* Sources */ = {
			isa = PBXSourcesBuildPhase;
			buildActionMask = 2147483647;
			files = (
				2D466D0720A269AB00506728 /* ViewController.swift in Sources */,
				2D466D0520A269AB00506728 /* AppDelegate.swift in Sources */,
			);
			runOnlyForDeploymentPostprocessing = 0;
		};
		2D466D1120A269AD00506728 /* Sources */ = {
			isa = PBXSourcesBuildPhase;
			buildActionMask = 2147483647;
			files = (
				2D466D1A20A269AD00506728 /* HelloTests.swift in Sources */,
			);
			runOnlyForDeploymentPostprocessing = 0;
		};
		2D466D1C20A269AD00506728 /* Sources */ = {
			isa = PBXSourcesBuildPhase;
			buildActionMask = 2147483647;
			files = (
				2D466D2520A269AD00506728 /* HelloUITests.swift in Sources */,
			);
			runOnlyForDeploymentPostprocessing = 0;
		};
/* End PBXSourcesBuildPhase section */

/* Begin PBXTargetDependency section */
		2D466D1720A269AD00506728 /* PBXTargetDependency */ = {
			isa = PBXTargetDependency;
			target = 2D466D0020A269AB00506728 /* Hello */;
			targetProxy = 2D466D1620A269AD00506728 /* PBXContainerItemProxy */;
		};
		2D466D2220A269AD00506728 /* PBXTargetDependency */ = {
			isa = PBXTargetDependency;
			target = 2D466D0020A269AB00506728 /* Hello */;
			targetProxy = 2D466D2120A269AD00506728 /* PBXContainerItemProxy */;
		};
/* End PBXTargetDependency section */

/* Begin PBXVariantGroup section */
		2D466D0820A269AB00506728 /* Main.storyboard */ = {
			isa = PBXVariantGroup;
			children = (
				2D466D0920A269AB00506728 /* Base */,
			);
			name = Main.storyboard;
			sourceTree = "<group>";
		};
		2D466D0D20A269AD00506728 /* LaunchScreen.storyboard */ = {
			isa = PBXVariantGroup;
			children = (
				2D466D0E20A269AD00506728 /* Base */,
			);
			name = LaunchScreen.storyboard;
			sourceTree = "<group>";
		};
/* End PBXVariantGroup section */

/* Begin XCBuildConfiguration section */
		2D466D2720A269AD00506728 /* Debug */ = {
			isa = XCBuildConfiguration;
			buildSettings = {
				ALWAYS_SEARCH_USER_PATHS = NO;
				CLANG_ANALYZER_NONNULL = YES;
				CLANG_ANALYZER_NUMBER_OBJECT_CONVERSION = YES_AGGRESSIVE;
				CLANG_CXX_LANGUAGE_STANDARD = "gnu++14";
				CLANG_CXX_LIBRARY = "libc++";
				CLANG_ENABLE_MODULES = YES;
				CLANG_ENABLE_OBJC_ARC = YES;
				CLANG_ENABLE_OBJC_WEAK = YES;
				CLANG_WARN_BLOCK_CAPTURE_AUTORELEASING = YES;
				CLANG_WARN_BOOL_CONVERSION = YES;
				CLANG_WARN_COMMA = YES;
				CLANG_WARN_CONSTANT_CONVERSION = YES;
				CLANG_WARN_DEPRECATED_OBJC_IMPLEMENTATIONS = YES;
				CLANG_WARN_DIRECT_OBJC_ISA_USAGE = YES_ERROR;
				CLANG_WARN_DOCUMENTATION_COMMENTS = YES;
				CLANG_WARN_EMPTY_BODY = YES;
				CLANG_WARN_ENUM_CONVERSION = YES;
				CLANG_WARN_INFINITE_RECURSION = YES;
				CLANG_WARN_INT_CONVERSION = YES;
				CLANG_WARN_NON_LITERAL_NULL_CONVERSION = YES;
				CLANG_WARN_OBJC_IMPLICIT_RETAIN_SELF = YES;
				CLANG_WARN_OBJC_LITERAL_CONVERSION = YES;
				CLANG_WARN_OBJC_ROOT_CLASS = YES_ERROR;
				CLANG_WARN_RANGE_LOOP_ANALYSIS = YES;
				CLANG_WARN_STRICT_PROTOTYPES = YES;
				CLANG_WARN_SUSPICIOUS_MOVE = YES;
				CLANG_WARN_UNGUARDED_AVAILABILITY = YES_AGGRESSIVE;
				CLANG_WARN_UNREACHABLE_CODE = YES;
				CLANG_WARN__DUPLICATE_METHOD_MATCH = YES;
				CODE_SIGN_IDENTITY = "iPhone Developer";
				COPY_PHASE_STRIP = NO;
				DEBUG_INFORMATION_FORMAT = dwarf;
				ENABLE_STRICT_OBJC_MSGSEND = YES;
				ENABLE_TESTABILITY = YES;
				GCC_C_LANGUAGE_STANDARD = gnu11;
				GCC_DYNAMIC_NO_PIC = NO;
				GCC_NO_COMMON_BLOCKS = YES;
				GCC_OPTIMIZATION_LEVEL = 0;
				GCC_PREPROCESSOR_DEFINITIONS = (
					"DEBUG=1",
					"$(inherited)",
				);
				GCC_WARN_64_TO_32_BIT_CONVERSION = YES;
				GCC_WARN_ABOUT_RETURN_TYPE = YES_ERROR;
				GCC_WARN_UNDECLARED_SELECTOR = YES;
				GCC_WARN_UNINITIALIZED_AUTOS = YES_AGGRESSIVE;
				GCC_WARN_UNUSED_FUNCTION = YES;
				GCC_WARN_UNUSED_VARIABLE = YES;
				IPHONEOS_DEPLOYMENT_TARGET = 11.3;
				MTL_ENABLE_DEBUG_INFO = YES;
				ONLY_ACTIVE_ARCH = YES;
				SDKROOT = iphoneos;
				SWIFT_ACTIVE_COMPILATION_CONDITIONS = DEBUG;
				SWIFT_OPTIMIZATION_LEVEL = "-Onone";
			};
			name = Debug;
		};
		2D466D2820A269AD00506728 /* Release */ = {
			isa = XCBuildConfiguration;
			buildSettings = {
				ALWAYS_SEARCH_USER_PATHS = NO;
				CLANG_ANALYZER_NONNULL = YES;
				CLANG_ANALYZER_NUMBER_OBJECT_CONVERSION = YES_AGGRESSIVE;
				CLANG_CXX_LANGUAGE_STANDARD = "gnu++14";
				CLANG_CXX_LIBRARY = "libc++";
				CLANG_ENABLE_MODULES = YES;
				CLANG_ENABLE_OBJC_ARC = YES;
				CLANG_ENABLE_OBJC_WEAK = YES;
				CLANG_WARN_BLOCK_CAPTURE_AUTORELEASING = YES;
				CLANG_WARN_BOOL_CONVERSION = YES;
				CLANG_WARN_COMMA = YES;
				CLANG_WARN_CONSTANT_CONVERSION = YES;
				CLANG_WARN_DEPRECATED_OBJC_IMPLEMENTATIONS = YES;
				CLANG_WARN_DIRECT_OBJC_ISA_USAGE = YES_ERROR;
				CLANG_WARN_DOCUMENTATION_COMMENTS = YES;
				CLANG_WARN_EMPTY_BODY = YES;
				CLANG_WARN_ENUM_CONVERSION = YES;
				CLANG_WARN_INFINITE_RECURSION = YES;
				CLANG_WARN_INT_CONVERSION = YES;
				CLANG_WARN_NON_LITERAL_NULL_CONVERSION = YES;
				CLANG_WARN_OBJC_IMPLICIT_RETAIN_SELF = YES;
				CLANG_WARN_OBJC_LITERAL_CONVERSION = YES;
				CLANG_WARN_OBJC_ROOT_CLASS = YES_ERROR;
				CLANG_WARN_RANGE_LOOP_ANALYSIS = YES;
				CLANG_WARN_STRICT_PROTOTYPES = YES;
				CLANG_WARN_SUSPICIOUS_MOVE = YES;
				CLANG_WARN_UNGUARDED_AVAILABILITY = YES_AGGRESSIVE;
				CLANG_WARN_UNREACHABLE_CODE = YES;
				CLANG_WARN__DUPLICATE_METHOD_MATCH = YES;
				CODE_SIGN_IDENTITY = "iPhone Developer";
				COPY_PHASE_STRIP = NO;
				DEBUG_INFORMATION_FORMAT = "dwarf-with-dsym";
				ENABLE_NS_ASSERTIONS = NO;
				ENABLE_STRICT_OBJC_MSGSEND = YES;
				GCC_C_LANGUAGE_STANDARD = gnu11;
				GCC_NO_COMMON_BLOCKS = YES;
				GCC_WARN_64_TO_32_BIT_CONVERSION = YES;
				GCC_WARN_ABOUT_RETURN_TYPE = YES_ERROR;
				GCC_WARN_UNDECLARED_SELECTOR = YES;
				GCC_WARN_UNINITIALIZED_AUTOS = YES_AGGRESSIVE;
				GCC_WARN_UNUSED_FUNCTION = YES;
				GCC_WARN_UNUSED_VARIABLE = YES;
				IPHONEOS_DEPLOYMENT_TARGET = 11.3;
				MTL_ENABLE_DEBUG_INFO = NO;
				SDKROOT = iphoneos;
				SWIFT_COMPILATION_MODE = wholemodule;
				SWIFT_OPTIMIZATION_LEVEL = "-O";
				VALIDATE_PRODUCT = YES;
			};
			name = Release;
		};
		2D466D2A20A269AD00506728 /* Debug */ = {
			isa = XCBuildConfiguration;
			baseConfigurationReference = E8CFC990AB1F1AF58CD82BF0 /* Pods-Hello.debug.xcconfig */;
			buildSettings = {
				ASSETCATALOG_COMPILER_APPICON_NAME = AppIcon;
				CODE_SIGN_STYLE = Automatic;
				DEVELOPMENT_TEAM = F2T5P6J7NX;
				INFOPLIST_FILE = Hello/Info.plist;
				LD_RUNPATH_SEARCH_PATHS = (
					"$(inherited)",
					"@executable_path/Frameworks",
				);
				PRODUCT_BUNDLE_IDENTIFIER = RD.Hello;
				PRODUCT_NAME = "$(TARGET_NAME)";
				SWIFT_VERSION = 4.0;
				TARGETED_DEVICE_FAMILY = "1,2";
			};
			name = Debug;
		};
		2D466D2B20A269AD00506728 /* Release */ = {
			isa = XCBuildConfiguration;
			baseConfigurationReference = 50C2002E69BE0DA14149664D /* Pods-Hello.release.xcconfig */;
			buildSettings = {
				ASSETCATALOG_COMPILER_APPICON_NAME = AppIcon;
				CODE_SIGN_STYLE = Automatic;
				DEVELOPMENT_TEAM = F2T5P6J7NX;
				INFOPLIST_FILE = Hello/Info.plist;
				LD_RUNPATH_SEARCH_PATHS = (
					"$(inherited)",
					"@executable_path/Frameworks",
				);
				PRODUCT_BUNDLE_IDENTIFIER = RD.Hello;
				PRODUCT_NAME = "$(TARGET_NAME)";
				SWIFT_VERSION = 4.0;
				TARGETED_DEVICE_FAMILY = "1,2";
			};
			name = Release;
		};
		2D466D2D20A269AD00506728 /* Debug */ = {
			isa = XCBuildConfiguration;
			baseConfigurationReference = D91F16AE0749D18E2EC5DA4E /* Pods-HelloTests.debug.xcconfig */;
			buildSettings = {
				ALWAYS_EMBED_SWIFT_STANDARD_LIBRARIES = YES;
				BUNDLE_LOADER = "$(TEST_HOST)";
				CODE_SIGN_STYLE = Automatic;
				DEVELOPMENT_TEAM = F2T5P6J7NX;
				INFOPLIST_FILE = HelloTests/Info.plist;
				LD_RUNPATH_SEARCH_PATHS = (
					"$(inherited)",
					"@executable_path/Frameworks",
					"@loader_path/Frameworks",
				);
				PRODUCT_BUNDLE_IDENTIFIER = RD.HelloTests;
				PRODUCT_NAME = "$(TARGET_NAME)";
				SWIFT_VERSION = 4.0;
				TARGETED_DEVICE_FAMILY = "1,2";
				TEST_HOST = "$(BUILT_PRODUCTS_DIR)/Hello.app/Hello";
			};
			name = Debug;
		};
		2D466D2E20A269AD00506728 /* Release */ = {
			isa = XCBuildConfiguration;
			baseConfigurationReference = 7ECC6579392169EB1A89693F /* Pods-HelloTests.release.xcconfig */;
			buildSettings = {
				ALWAYS_EMBED_SWIFT_STANDARD_LIBRARIES = YES;
				BUNDLE_LOADER = "$(TEST_HOST)";
				CODE_SIGN_STYLE = Automatic;
				DEVELOPMENT_TEAM = F2T5P6J7NX;
				INFOPLIST_FILE = HelloTests/Info.plist;
				LD_RUNPATH_SEARCH_PATHS = (
					"$(inherited)",
					"@executable_path/Frameworks",
					"@loader_path/Frameworks",
				);
				PRODUCT_BUNDLE_IDENTIFIER = RD.HelloTests;
				PRODUCT_NAME = "$(TARGET_NAME)";
				SWIFT_VERSION = 4.0;
				TARGETED_DEVICE_FAMILY = "1,2";
				TEST_HOST = "$(BUILT_PRODUCTS_DIR)/Hello.app/Hello";
			};
			name = Release;
		};
		2D466D3020A269AD00506728 /* Debug */ = {
			isa = XCBuildConfiguration;
			baseConfigurationReference = 48611E660FDA270DDB731DF6 /* Pods-HelloUITests.debug.xcconfig */;
			buildSettings = {
				ALWAYS_EMBED_SWIFT_STANDARD_LIBRARIES = YES;
				CODE_SIGN_STYLE = Automatic;
				DEVELOPMENT_TEAM = F2T5P6J7NX;
				INFOPLIST_FILE = HelloUITests/Info.plist;
				LD_RUNPATH_SEARCH_PATHS = (
					"$(inherited)",
					"@executable_path/Frameworks",
					"@loader_path/Frameworks",
				);
				PRODUCT_BUNDLE_IDENTIFIER = RD.HelloUITests;
				PRODUCT_NAME = "$(TARGET_NAME)";
				SWIFT_VERSION = 4.0;
				TARGETED_DEVICE_FAMILY = "1,2";
				TEST_TARGET_NAME = Hello;
			};
			name = Debug;
		};
		2D466D3120A269AD00506728 /* Release */ = {
			isa = XCBuildConfiguration;
			baseConfigurationReference = 4C646EDBA37957E0224C74E1 /* Pods-HelloUITests.release.xcconfig */;
			buildSettings = {
				ALWAYS_EMBED_SWIFT_STANDARD_LIBRARIES = YES;
				CODE_SIGN_STYLE = Automatic;
				DEVELOPMENT_TEAM = F2T5P6J7NX;
				INFOPLIST_FILE = HelloUITests/Info.plist;
				LD_RUNPATH_SEARCH_PATHS = (
					"$(inherited)",
					"@executable_path/Frameworks",
					"@loader_path/Frameworks",
				);
				PRODUCT_BUNDLE_IDENTIFIER = RD.HelloUITests;
				PRODUCT_NAME = "$(TARGET_NAME)";
				SWIFT_VERSION = 4.0;
				TARGETED_DEVICE_FAMILY = "1,2";
				TEST_TARGET_NAME = Hello;
			};
			name = Release;
		};
/* End XCBuildConfiguration section */

/* Begin XCConfigurationList section */
		2D466CFC20A269AB00506728 /* Build configuration list for PBXProject "Hello" */ = {
			isa = XCConfigurationList;
			buildConfigurations = (
				2D466D2720A269AD00506728 /* Debug */,
				2D466D2820A269AD00506728 /* Release */,
			);
			defaultConfigurationIsVisible = 0;
			defaultConfigurationName = Release;
		};
		2D466D2920A269AD00506728 /* Build configuration list for PBXNativeTarget "Hello" */ = {
			isa = XCConfigurationList;
			buildConfigurations = (
				2D466D2A20A269AD00506728 /* Debug */,
				2D466D2B20A269AD00506728 /* Release */,
			);
			defaultConfigurationIsVisible = 0;
			defaultConfigurationName = Release;
		};
		2D466D2C20A269AD00506728 /* Build configuration list for PBXNativeTarget "HelloTests" */ = {
			isa = XCConfigurationList;
			buildConfigurations = (
				2D466D2D20A269AD00506728 /* Debug */,
				2D466D2E20A269AD00506728 /* Release */,
			);
			defaultConfigurationIsVisible = 0;
			defaultConfigurationName = Release;
		};
		2D466D2F20A269AD00506728 /* Build configuration list for PBXNativeTarget "HelloUITests" */ = {
			isa = XCConfigurationList;
			buildConfigurations = (
				2D466D3020A269AD00506728 /* Debug */,
				2D466D3120A269AD00506728 /* Release */,
			);
			defaultConfigurationIsVisible = 0;
			defaultConfigurationName = Release;
		};
/* End XCConfigurationList section */
	};
	rootObject = 2D466CF920A269AB00506728 /* Project object */;
}
